
Microsoft Visual Studio Solution File, Format Version 12.00
# Visual Studio Version 16
VisualStudioVersion = 16.0.29306.81
MinimumVisualStudioVersion = 10.0.40219.1
Project("{FAE04EC0-301F-11D3-BF4B-00C04F79EFBC}") = "deloitte", "deloitte\deloitte.csproj", "{B7AF30EF-F8CB-47F5-B876-9C0ECAE507E5}"
EndProject
Global
	GlobalSection(SolutionConfigurationPlatforms) = preSolution
		Debug|Any CPU = Debug|Any CPU
		Release|Any CPU = Release|Any CPU
	EndGlobalSection
	GlobalSection(ProjectConfigurationPlatforms) = postSolution
		{B7AF30EF-F8CB-47F5-B876-9C0ECAE507E5}.Debug|Any CPU.ActiveCfg = Debug|Any CPU
		{B7AF30EF-F8CB-47F5-B876-9C0ECAE507E5}.Debug|Any CPU.Build.0 = Debug|Any CPU
		{B7AF30EF-F8CB-47F5-B876-9C0ECAE507E5}.Release|Any CPU.ActiveCfg = Release|Any CPU
		{B7AF30EF-F8CB-47F5-B876-9C0ECAE507E5}.Release|Any CPU.Build.0 = Release|Any CPU
	EndGlobalSection
	GlobalSection(SolutionProperties) = preSolution
		HideSolutionNode = FALSE
	EndGlobalSection
	GlobalSection(ExtensibilityGlobals) = postSolution
		SolutionGuid = {572D8B6F-0942-4F55-ACB9-3CA4C3F20A44}
	EndGlobalSection
EndGlobal
